
Microsoft Visual Studio Solution File, Format Version 12.00
# Visual Studio Version 16
VisualStudioVersion = 16.0.31112.23
MinimumVisualStudioVersion = 10.0.40219.1
Project("{9A19103F-16F7-4668-BE54-9A1E7A4F7556}") = "MyWebServer", "MyWebServer\MyWebServer.csproj", "{58868EEA-86FB-4276-928F-C00E961CBA1A}"
EndProject
Project("{FAE04EC0-301F-11D3-BF4B-00C04F79EFBC}") = "MyWebServer.Server", "MyWebServer.Server\MyWebServer.Server.csproj", "{D428638A-9689-4674-A467-CED1CAE54672}"
EndProject
Global
	GlobalSection(SolutionConfigurationPlatforms) = preSolution
		Debug|Any CPU = Debug|Any CPU
		Release|Any CPU = Release|Any CPU
	EndGlobalSection
	GlobalSection(ProjectConfigurationPlatforms) = postSolution
		{58868EEA-86FB-4276-928F-C00E961CBA1A}.Debug|Any CPU.ActiveCfg = Debug|Any CPU
		{58868EEA-86FB-4276-928F-C00E961CBA1A}.Debug|Any CPU.Build.0 = Debug|Any CPU
		{58868EEA-86FB-4276-928F-C00E961CBA1A}.Release|Any CPU.ActiveCfg = Release|Any CPU
		{58868EEA-86FB-4276-928F-C00E961CBA1A}.Release|Any CPU.Build.0 = Release|Any CPU
		{D428638A-9689-4674-A467-CED1CAE54672}.Debug|Any CPU.ActiveCfg = Debug|Any CPU
		{D428638A-9689-4674-A467-CED1CAE54672}.Debug|Any CPU.Build.0 = Debug|Any CPU
		{D428638A-9689-4674-A467-CED1CAE54672}.Release|Any CPU.ActiveCfg = Release|Any CPU
		{D428638A-9689-4674-A467-CED1CAE54672}.Release|Any CPU.Build.0 = Release|Any CPU
	EndGlobalSection
	GlobalSection(SolutionProperties) = preSolution
		HideSolutionNode = FALSE
	EndGlobalSection
	GlobalSection(ExtensibilityGlobals) = postSolution
		SolutionGuid = {8A21E97D-FA8C-41AF-AAAE-19337ED42559}
	EndGlobalSection
EndGlobal
